name: update-lazy-lock
on:
  workflow_dispatch: # allows manual triggering
  # schedule:
  #   - cron: '0 9 20 * *'

jobs:
  lockfile:
    runs-on: ubuntu-latest
    steps:
      - name: Checkout repository
        uses: actions/checkout@v4.2.1

      - name: Install Nix
        uses: cachix/install-nix-action@v30

      - name: Update lazy lock file
        run: | # Not an editor command... no time to bootstrap?
          nix shell nixpkgs#{neovim,cmake,gcc} --command nvim +qa
          nix shell nixpkgs#{neovim,cmake,gcc} --command nvim --headless "+Lazy! sync" +qa

      - name: Create pr
        uses: stefanzweifel/git-auto-commit-action@v5
        with:
          commit_message: Update lazy lock file
          create_branch: true
